
Microsoft Visual Studio Solution File, Format Version 12.00
# Visual Studio Version 17
VisualStudioVersion = 17.9.34728.123
MinimumVisualStudioVersion = 10.0.40219.1
Project("{FAE04EC0-301F-11D3-BF4B-00C04F79EFBC}") = "DDNet - CFG", "DDNet - CFG.csproj", "{B558F2B1-4E66-40CB-96F5-505DA11A7E8D}"
EndProject
Global
	GlobalSection(SolutionConfigurationPlatforms) = preSolution
		Debug|Any CPU = Debug|Any CPU
		Release|Any CPU = Release|Any CPU
	EndGlobalSection
	GlobalSection(ProjectConfigurationPlatforms) = postSolution
		{B558F2B1-4E66-40CB-96F5-505DA11A7E8D}.Debug|Any CPU.ActiveCfg = Debug|Any CPU
		{B558F2B1-4E66-40CB-96F5-505DA11A7E8D}.Debug|Any CPU.Build.0 = Debug|Any CPU
		{B558F2B1-4E66-40CB-96F5-505DA11A7E8D}.Release|Any CPU.ActiveCfg = Release|Any CPU
		{B558F2B1-4E66-40CB-96F5-505DA11A7E8D}.Release|Any CPU.Build.0 = Release|Any CPU
	EndGlobalSection
	GlobalSection(SolutionProperties) = preSolution
		HideSolutionNode = FALSE
	EndGlobalSection
	GlobalSection(ExtensibilityGlobals) = postSolution
		SolutionGuid = {5FB68B3C-E691-4C7B-9758-F3DF263B007B}
	EndGlobalSection
EndGlobal
